
Microsoft Visual Studio Solution File, Format Version 12.00
# Visual Studio Version 17
VisualStudioVersion = 17.9.34728.123
MinimumVisualStudioVersion = 10.0.40219.1
Project("{9A19103F-16F7-4668-BE54-9A1E7A4F7556}") = "Benchmark", "Benchmarks\Benchmark.csproj", "{C86A8EC1-0CBA-4B66-845F-E0886CF36E1D}"
EndProject
Global
	GlobalSection(SolutionConfigurationPlatforms) = preSolution
		Debug|Any CPU = Debug|Any CPU
		Release|Any CPU = Release|Any CPU
	EndGlobalSection
	GlobalSection(ProjectConfigurationPlatforms) = postSolution
		{C86A8EC1-0CBA-4B66-845F-E0886CF36E1D}.Debug|Any CPU.ActiveCfg = Debug|Any CPU
		{C86A8EC1-0CBA-4B66-845F-E0886CF36E1D}.Debug|Any CPU.Build.0 = Debug|Any CPU
		{C86A8EC1-0CBA-4B66-845F-E0886CF36E1D}.Release|Any CPU.ActiveCfg = Release|Any CPU
		{C86A8EC1-0CBA-4B66-845F-E0886CF36E1D}.Release|Any CPU.Build.0 = Release|Any CPU
	EndGlobalSection
	GlobalSection(SolutionProperties) = preSolution
		HideSolutionNode = FALSE
	EndGlobalSection
	GlobalSection(ExtensibilityGlobals) = postSolution
		SolutionGuid = {A904BB67-D0C8-463E-86E5-52F99980F228}
	EndGlobalSection
EndGlobal
